
Microsoft Visual Studio Solution File, Format Version 12.00
# Visual Studio Version 16
VisualStudioVersion = 16.0.28803.452
MinimumVisualStudioVersion = 10.0.40219.1
Project("{FAE04EC0-301F-11D3-BF4B-00C04F79EFBC}") = "noise_Alert", "noise_Alert\noise_Alert.csproj", "{D017DFFE-551B-465B-A1FB-950E0C8D4C47}"
EndProject
Global
	GlobalSection(SolutionConfigurationPlatforms) = preSolution
		Debug|Any CPU = Debug|Any CPU
		Release|Any CPU = Release|Any CPU
	EndGlobalSection
	GlobalSection(ProjectConfigurationPlatforms) = postSolution
		{D017DFFE-551B-465B-A1FB-950E0C8D4C47}.Debug|Any CPU.ActiveCfg = Debug|Any CPU
		{D017DFFE-551B-465B-A1FB-950E0C8D4C47}.Debug|Any CPU.Build.0 = Debug|Any CPU
		{D017DFFE-551B-465B-A1FB-950E0C8D4C47}.Release|Any CPU.ActiveCfg = Release|Any CPU
		{D017DFFE-551B-465B-A1FB-950E0C8D4C47}.Release|Any CPU.Build.0 = Release|Any CPU
	EndGlobalSection
	GlobalSection(SolutionProperties) = preSolution
		HideSolutionNode = FALSE
	EndGlobalSection
	GlobalSection(ExtensibilityGlobals) = postSolution
		SolutionGuid = {0FC12390-96C5-4440-A699-07A2CD7751F7}
	EndGlobalSection
EndGlobal
